
Microsoft Visual Studio Solution File, Format Version 12.00
# Visual Studio Version 17
VisualStudioVersion = 17.10.35027.167
MinimumVisualStudioVersion = 10.0.40219.1
Project("{FAE04EC0-301F-11D3-BF4B-00C04F79EFBC}") = "WindowsFormsLoja", "WindowsFormsLoja\WindowsFormsLoja.csproj", "{0891065C-C0B7-44AF-955C-1CD363A6531B}"
EndProject
Global
	GlobalSection(SolutionConfigurationPlatforms) = preSolution
		Debug|Any CPU = Debug|Any CPU
		Release|Any CPU = Release|Any CPU
	EndGlobalSection
	GlobalSection(ProjectConfigurationPlatforms) = postSolution
		{0891065C-C0B7-44AF-955C-1CD363A6531B}.Debug|Any CPU.ActiveCfg = Debug|Any CPU
		{0891065C-C0B7-44AF-955C-1CD363A6531B}.Debug|Any CPU.Build.0 = Debug|Any CPU
		{0891065C-C0B7-44AF-955C-1CD363A6531B}.Release|Any CPU.ActiveCfg = Release|Any CPU
		{0891065C-C0B7-44AF-955C-1CD363A6531B}.Release|Any CPU.Build.0 = Release|Any CPU
	EndGlobalSection
	GlobalSection(SolutionProperties) = preSolution
		HideSolutionNode = FALSE
	EndGlobalSection
	GlobalSection(ExtensibilityGlobals) = postSolution
		SolutionGuid = {076C516A-A6F6-40F3-8690-55F5EE44CD20}
	EndGlobalSection
EndGlobal
